
Microsoft Visual Studio Solution File, Format Version 12.00
# Visual Studio Version 16
VisualStudioVersion = 16.0.31402.337
MinimumVisualStudioVersion = 10.0.40219.1
Project("{FAE04EC0-301F-11D3-BF4B-00C04F79EFBC}") = "Hangman", "Hangman.csproj", "{C328C493-5450-4BF7-801D-67DD97A66BA5}"
EndProject
Global
	GlobalSection(SolutionConfigurationPlatforms) = preSolution
		Debug|Any CPU = Debug|Any CPU
		Release|Any CPU = Release|Any CPU
	EndGlobalSection
	GlobalSection(ProjectConfigurationPlatforms) = postSolution
		{C328C493-5450-4BF7-801D-67DD97A66BA5}.Debug|Any CPU.ActiveCfg = Debug|Any CPU
		{C328C493-5450-4BF7-801D-67DD97A66BA5}.Debug|Any CPU.Build.0 = Debug|Any CPU
		{C328C493-5450-4BF7-801D-67DD97A66BA5}.Release|Any CPU.ActiveCfg = Release|Any CPU
		{C328C493-5450-4BF7-801D-67DD97A66BA5}.Release|Any CPU.Build.0 = Release|Any CPU
	EndGlobalSection
	GlobalSection(SolutionProperties) = preSolution
		HideSolutionNode = FALSE
	EndGlobalSection
	GlobalSection(ExtensibilityGlobals) = postSolution
		SolutionGuid = {F571923C-8420-4CF5-A22D-D66FDF0D3325}
	EndGlobalSection
EndGlobal
